
Microsoft Visual Studio Solution File, Format Version 12.00
# Visual Studio Version 16
VisualStudioVersion = 16.0.30104.148
MinimumVisualStudioVersion = 10.0.40219.1
Project("{FAE04EC0-301F-11D3-BF4B-00C04F79EFBC}") = "ATS.Obfuscator", "ATS.Obfuscator\ATS.Obfuscator.csproj", "{CE4BECC1-B984-42EE-98EE-C790D2238866}"
EndProject
Global
	GlobalSection(SolutionConfigurationPlatforms) = preSolution
		Debug|Any CPU = Debug|Any CPU
		Release|Any CPU = Release|Any CPU
	EndGlobalSection
	GlobalSection(ProjectConfigurationPlatforms) = postSolution
		{CE4BECC1-B984-42EE-98EE-C790D2238866}.Debug|Any CPU.ActiveCfg = Debug|Any CPU
		{CE4BECC1-B984-42EE-98EE-C790D2238866}.Debug|Any CPU.Build.0 = Debug|Any CPU
		{CE4BECC1-B984-42EE-98EE-C790D2238866}.Release|Any CPU.ActiveCfg = Release|Any CPU
		{CE4BECC1-B984-42EE-98EE-C790D2238866}.Release|Any CPU.Build.0 = Release|Any CPU
	EndGlobalSection
	GlobalSection(SolutionProperties) = preSolution
		HideSolutionNode = FALSE
	EndGlobalSection
	GlobalSection(ExtensibilityGlobals) = postSolution
		SolutionGuid = {209D1027-9E5A-4A8B-AA70-9F2E1AEB199A}
	EndGlobalSection
EndGlobal
